// !$*UTF8*$!
{
	archiveVersion = 1;
	classes = {
	};
	objectVersion = 77;
	objects = {

/* Begin PBXBuildFile section */
		046C4495B4D0E086F2AE7ADA /* TagChip.swift in Sources */ = {isa = PBXBuildFile; fileRef = EF9E403FD81F1FD5AF248F24 /* TagChip.swift */; };
		0BB754ED7B692CBFBC99CEE5 /* OpenRouterProductRecommendationService.swift in Sources */ = {isa = PBXBuildFile; fileRef = CD79E2243938A3EF8B317112 /* OpenRouterProductRecommendationService.swift */; };
		13CE5F6F82A5D4393E78C7BD /* JSONResponseSanitizer.swift in Sources */ = {isa = PBXBuildFile; fileRef = 87D43F9CF072B611E8B42C14 /* JSONResponseSanitizer.swift */; };
		1BCD2ED814AD90256BF52482 /* ThemeStore.swift in Sources */ = {isa = PBXBuildFile; fileRef = 5E87134C6D0267F37CF059EB /* ThemeStore.swift */; };
		20E6E139FC183B918063B9EA /* SettingsView.swift in Sources */ = {isa = PBXBuildFile; fileRef = 46685D758007BA41381DCBF6 /* SettingsView.swift */; };
		26368AB7442323E09ACE8559 /* DomainModels.swift in Sources */ = {isa = PBXBuildFile; fileRef = D64727F80FC7839C9FC554FC /* DomainModels.swift */; };
		2682634B50720B05B2C96BB8 /* OpenAIAnthropicAnalysisService.swift in Sources */ = {isa = PBXBuildFile; fileRef = 66F4A58FD8AE184862334F8B /* OpenAIAnthropicAnalysisService.swift */; };
		2B973D4A5FF00B9BD36478F9 /* ScoreEngine.swift in Sources */ = {isa = PBXBuildFile; fileRef = 0AFAF2FED20FDE37AF39D87F /* ScoreEngine.swift */; };
		2EEBD677C0025EA4DA8D58BA /* ActionLabel.swift in Sources */ = {isa = PBXBuildFile; fileRef = E82E68BDF89653612681BE01 /* ActionLabel.swift */; };
		2F6A93D5309D30BD5C442D0E /* AnthropicCoachingProvider.swift in Sources */ = {isa = PBXBuildFile; fileRef = 421186892B34E0C9C64C99B9 /* AnthropicCoachingProvider.swift */; };
		32864165CBF42B6F080ECC2C /* ReferenceImageView.swift in Sources */ = {isa = PBXBuildFile; fileRef = 9BE02A17E065E8BA9FF2FFCA /* ReferenceImageView.swift */; };
		32BBBC996F1212E1FBB59E92 /* ProjectRepository.swift in Sources */ = {isa = PBXBuildFile; fileRef = ADD21F5756ED6B9DBF89F5E7 /* ProjectRepository.swift */; };
		33A0DB65D49B8E3089FAB448 /* UploadFlowContainerView.swift in Sources */ = {isa = PBXBuildFile; fileRef = A2A59B1222DDB28C77E82CA4 /* UploadFlowContainerView.swift */; };
		36615F7B854481E7BEBD38B5 /* AppShellView.swift in Sources */ = {isa = PBXBuildFile; fileRef = BDF40F4ECC333068AB3AAA99 /* AppShellView.swift */; };
		378474887BE65EC1751683BF /* SampleSeed.swift in Sources */ = {isa = PBXBuildFile; fileRef = 86F0BB6265620BC158126442 /* SampleSeed.swift */; };
		3B710CAA743C2EAB05D7F8A4 /* AmazonAffiliateLinkBuilder.swift in Sources */ = {isa = PBXBuildFile; fileRef = 055DFCCAAC225DE770A84C10 /* AmazonAffiliateLinkBuilder.swift */; };
		3C0243368F5DA117C85AB063 /* OpenRouterVisualizationService.swift in Sources */ = {isa = PBXBuildFile; fileRef = 9370E8E6F0680794CAE2B86E /* OpenRouterVisualizationService.swift */; };
		3D31E96ACAF68BB81A5C4003 /* AppContainer.swift in Sources */ = {isa = PBXBuildFile; fileRef = 84284141A0EB59223ABF4394 /* AppContainer.swift */; };
		42538A9291FA49828C7FFF93 /* CuratedAmazonRecommendationService.swift in Sources */ = {isa = PBXBuildFile; fileRef = 89357AF287FEB220A98CF198 /* CuratedAmazonRecommendationService.swift */; };
		460AF5EAC4A42E1C5954E061 /* Color+Hex.swift in Sources */ = {isa = PBXBuildFile; fileRef = A35D8708AC0E1604D110682B /* Color+Hex.swift */; };
		4C669ACEB054A1557EFCCB8B /* SupabaseClientFactory.swift in Sources */ = {isa = PBXBuildFile; fileRef = 49D36ECCE01F20B25839D347 /* SupabaseClientFactory.swift */; };
		4ED491FE7F877D5E987ADADB /* ScoreChip.swift in Sources */ = {isa = PBXBuildFile; fileRef = D0B51D03846680EF7E5C20A3 /* ScoreChip.swift */; };
		5258FC26A59194A19F757DDB /* ScoreEngineTests.swift in Sources */ = {isa = PBXBuildFile; fileRef = 0F89B909A3E16E891AA0A862 /* ScoreEngineTests.swift */; };
		531FA8F3C745E043125F2AFC /* ProductRecommendationService.swift in Sources */ = {isa = PBXBuildFile; fileRef = ABCFDD0AB581FB713D22F91F /* ProductRecommendationService.swift */; };
		58D450E0056987BF525CA7F9 /* MockAIAnalysisService.swift in Sources */ = {isa = PBXBuildFile; fileRef = D27B48D63076FAA4B376BD32 /* MockAIAnalysisService.swift */; };
		59AC0C5A3C78C74354AA3206 /* UploadFlowViewModel.swift in Sources */ = {isa = PBXBuildFile; fileRef = 53D500F1C132AC7F23FDB4CC /* UploadFlowViewModel.swift */; };
		5A7DD7B696D2BA872F617D02 /* OpenAIAnalysisProvider.swift in Sources */ = {isa = PBXBuildFile; fileRef = 2C936682ECA9A47E904CF84A /* OpenAIAnalysisProvider.swift */; };
		5B29F6969A1F8875085B80B5 /* AmazonAffiliateLinkBuilderTests.swift in Sources */ = {isa = PBXBuildFile; fileRef = 723FD3D4509A1A5FC4042A54 /* AmazonAffiliateLinkBuilderTests.swift */; };
		5C5560DBF95F27B8CC026ECC /* SupabaseProjectRepository.swift in Sources */ = {isa = PBXBuildFile; fileRef = DCB38922483CB21545C06050 /* SupabaseProjectRepository.swift */; };
		605502C6C92A4B4053E89A96 /* OnboardingView.swift in Sources */ = {isa = PBXBuildFile; fileRef = B1235DC41544C99C6554685E /* OnboardingView.swift */; };
		69D7268524CAA912A1D7CCF2 /* HomeView.swift in Sources */ = {isa = PBXBuildFile; fileRef = 83F6BD30D54BCEA59355276B /* HomeView.swift */; };
		6AE841FFC8731036FD1946F1 /* AuthenticationServices.framework in Frameworks */ = {isa = PBXBuildFile; fileRef = 1BB2C049DF8EA497B21EF6B2 /* AuthenticationServices.framework */; };
		6EDDF455E6E72C1128D81605 /* CompareView.swift in Sources */ = {isa = PBXBuildFile; fileRef = 46210E8E703C3FDBC5D1F166 /* CompareView.swift */; };
		6F9EE50CED3880FA76DB056C /* VisualizationView.swift in Sources */ = {isa = PBXBuildFile; fileRef = F16B8068853700E6A7BBF896 /* VisualizationView.swift */; };
		7476675B87FE00C132622BDD /* AnalysisModels.swift in Sources */ = {isa = PBXBuildFile; fileRef = 034FC38D4B2B7ECB95CBCBAE /* AnalysisModels.swift */; };
		75E4343BC6ACCEC468A0F120 /* SectionHeader.swift in Sources */ = {isa = PBXBuildFile; fileRef = F6AD552AB88E55E89A11BA83 /* SectionHeader.swift */; };
		78626D51120B0F459AD1BB05 /* ResultsView.swift in Sources */ = {isa = PBXBuildFile; fileRef = B8238662F386C8B4EE18C733 /* ResultsView.swift */; };
		7B4C893F761032F1C6F3FA52 /* AppleSignInCoordinator.swift in Sources */ = {isa = PBXBuildFile; fileRef = 742B28A936B6D48B4B5305AB /* AppleSignInCoordinator.swift */; };
		7CEC21034BEA6CD1EF955835 /* BrandColor.swift in Sources */ = {isa = PBXBuildFile; fileRef = 6C3E561DAC4240D5B9FA9BF1 /* BrandColor.swift */; };
		7D45C5AC6A166D0B62FFFBB6 /* AuthViewModel.swift in Sources */ = {isa = PBXBuildFile; fileRef = 3757A40CDE8A192B0A468E12 /* AuthViewModel.swift */; };
		81AC06902D54C4AE47966FDB /* AnalysisLoadingView.swift in Sources */ = {isa = PBXBuildFile; fileRef = 3D85A316CB71C86DAD8BB7FA /* AnalysisLoadingView.swift */; };
		865C46CE8DA80E60440E6610 /* AIRouterService.swift in Sources */ = {isa = PBXBuildFile; fileRef = BC3B56D1B78B4ADFAC88623E /* AIRouterService.swift */; };
		88318E22EF2A34551E5E2A11 /* StagingHubView.swift in Sources */ = {isa = PBXBuildFile; fileRef = F66275F88EF6A8ECB27F89F5 /* StagingHubView.swift */; };
		88390053BEACC7C76D826102 /* Assets.xcassets in Resources */ = {isa = PBXBuildFile; fileRef = 9D964C6B67966E64CD9F31B5 /* Assets.xcassets */; };
		89A9776874955304EF903865 /* BrandTypography.swift in Sources */ = {isa = PBXBuildFile; fileRef = 2862F608B14B9903045E3AD0 /* BrandTypography.swift */; };
		8C17EDB2BA64497A7665A06E /* BrandBackground.swift in Sources */ = {isa = PBXBuildFile; fileRef = 642C2EE83D16BE144DF626BB /* BrandBackground.swift */; };
		8D71120135F4BB40F5056250 /* BrandCard.swift in Sources */ = {isa = PBXBuildFile; fileRef = 08973F195B4542E5D23A054D /* BrandCard.swift */; };
		94C197E95E11FC7F36A19DC2 /* FileBackedProjectRepository.swift in Sources */ = {isa = PBXBuildFile; fileRef = 278426CD34B8EFA591AA70DA /* FileBackedProjectRepository.swift */; };
		951751ED30579279C4A16891 /* REASONApp.swift in Sources */ = {isa = PBXBuildFile; fileRef = 395BD55CF3208DA690163983 /* REASONApp.swift */; };
		99F65913474AA338534D6293 /* AppModel.swift in Sources */ = {isa = PBXBuildFile; fileRef = 9A45F87B4E4ED1556A72B7CF /* AppModel.swift */; };
		9A68E45CABEE53306CF520A3 /* MockAuthService.swift in Sources */ = {isa = PBXBuildFile; fileRef = 52B080B41CEA7EB3F499C2A9 /* MockAuthService.swift */; };
		9F0529EE9D058B51448D40A1 /* AuthService.swift in Sources */ = {isa = PBXBuildFile; fileRef = 45F2B07840210EA42FBBC7F6 /* AuthService.swift */; };
		A0644B780B5B82F1AC1AB8EA /* MockVisualizationService.swift in Sources */ = {isa = PBXBuildFile; fileRef = EC5D28AD2301B5DD0EF7898A /* MockVisualizationService.swift */; };
		B092E872BAFAE4DB29875A08 /* SplashView.swift in Sources */ = {isa = PBXBuildFile; fileRef = C3E370809F7B7EC035A78DC3 /* SplashView.swift */; };
		B0DC80F45EBDC105214B8832 /* BrandButton.swift in Sources */ = {isa = PBXBuildFile; fileRef = E711A6B06F8B68FC16B065A5 /* BrandButton.swift */; };
		C9B7F20235B13E0FD1FC6839 /* ProjectsView.swift in Sources */ = {isa = PBXBuildFile; fileRef = CF92B90979D880626BD13CCA /* ProjectsView.swift */; };
		CEAEFF410F8049F187F0A61E /* OpenRouterClient.swift in Sources */ = {isa = PBXBuildFile; fileRef = C3582F4C6F82364F84C26BC6 /* OpenRouterClient.swift */; };
		D2119610513B1D470AEB9FF3 /* Supabase in Frameworks */ = {isa = PBXBuildFile; productRef = 2FC1863D384CEF546340C792 /* Supabase */; };
		D21F97C0328091D8F3829942 /* OpenRouterAnalysisService.swift in Sources */ = {isa = PBXBuildFile; fileRef = 8780F2FF7098309A4E2EF513 /* OpenRouterAnalysisService.swift */; };
		DB82366D8B07E485E852638A /* ProjectImageView.swift in Sources */ = {isa = PBXBuildFile; fileRef = 57F4B08C6FB4DF4CB1B64E6A /* ProjectImageView.swift */; };
		DCFBC2B217C99B873CDC5F4C /* MainTabView.swift in Sources */ = {isa = PBXBuildFile; fileRef = 1DA200B54EA27C81F92128E5 /* MainTabView.swift */; };
		E765FC8D049464F988E108F9 /* AuthView.swift in Sources */ = {isa = PBXBuildFile; fileRef = 65E9EA06A32AF181BBCC8651 /* AuthView.swift */; };
		F0B2F76F890B33A9E96C4871 /* MetricBarView.swift in Sources */ = {isa = PBXBuildFile; fileRef = 5CFEE98CB41D6EC6F831FEE0 /* MetricBarView.swift */; };
		F1FCE8644482FD9F1B78384E /* AIAnalysisService.swift in Sources */ = {isa = PBXBuildFile; fileRef = 595276CE67030143F7596B46 /* AIAnalysisService.swift */; };
		F4F234A941F7E7AFBDA06C82 /* SupabaseAuthService.swift in Sources */ = {isa = PBXBuildFile; fileRef = 2695624BE8166ED59C03C11C /* SupabaseAuthService.swift */; };
		F528F380B9A09DFB7669E71F /* AppConfig.swift in Sources */ = {isa = PBXBuildFile; fileRef = DD148AEA11FEC878D7659BC8 /* AppConfig.swift */; };
		F76836667B6221FE978AF3CB /* AppError.swift in Sources */ = {isa = PBXBuildFile; fileRef = D242F410324E55E21A1E926C /* AppError.swift */; };
		FE971C7A949E8305C11A0E67 /* VisualizationService.swift in Sources */ = {isa = PBXBuildFile; fileRef = 93FC4E00C5DF6995D282D33C /* VisualizationService.swift */; };
/* End PBXBuildFile section */

/* Begin PBXContainerItemProxy section */
		DFD01BF1B8D8BD6DF2C10BD0 /* PBXContainerItemProxy */ = {
			isa = PBXContainerItemProxy;
			containerPortal = E8D179B9D8B8EBE96C0896E7 /* Project object */;
			proxyType = 1;
			remoteGlobalIDString = 950AD2082F8CF7561871807A;
			remoteInfo = REASON;
		};
/* End PBXContainerItemProxy section */

/* Begin PBXFileReference section */
		0017087CA8C045954D31F186 /* Release.xcconfig */ = {isa = PBXFileReference; lastKnownFileType = text.xcconfig; path = Release.xcconfig; sourceTree = "<group>"; };
		034FC38D4B2B7ECB95CBCBAE /* AnalysisModels.swift */ = {isa = PBXFileReference; lastKnownFileType = sourcecode.swift; path = AnalysisModels.swift; sourceTree = "<group>"; };
		055DFCCAAC225DE770A84C10 /* AmazonAffiliateLinkBuilder.swift */ = {isa = PBXFileReference; lastKnownFileType = sourcecode.swift; path = AmazonAffiliateLinkBuilder.swift; sourceTree = "<group>"; };
		08973F195B4542E5D23A054D /* BrandCard.swift */ = {isa = PBXFileReference; lastKnownFileType = sourcecode.swift; path = BrandCard.swift; sourceTree = "<group>"; };
		0AFAF2FED20FDE37AF39D87F /* ScoreEngine.swift */ = {isa = PBXFileReference; lastKnownFileType = sourcecode.swift; path = ScoreEngine.swift; sourceTree = "<group>"; };
		0F89B909A3E16E891AA0A862 /* ScoreEngineTests.swift */ = {isa = PBXFileReference; lastKnownFileType = sourcecode.swift; path = ScoreEngineTests.swift; sourceTree = "<group>"; };
		1BB2C049DF8EA497B21EF6B2 /* AuthenticationServices.framework */ = {isa = PBXFileReference; lastKnownFileType = wrapper.framework; name = AuthenticationServices.framework; path = System/Library/Frameworks/AuthenticationServices.framework; sourceTree = SDKROOT; };
		1DA200B54EA27C81F92128E5 /* MainTabView.swift */ = {isa = PBXFileReference; lastKnownFileType = sourcecode.swift; path = MainTabView.swift; sourceTree = "<group>"; };
		2695624BE8166ED59C03C11C /* SupabaseAuthService.swift */ = {isa = PBXFileReference; lastKnownFileType = sourcecode.swift; path = SupabaseAuthService.swift; sourceTree = "<group>"; };
		278426CD34B8EFA591AA70DA /* FileBackedProjectRepository.swift */ = {isa = PBXFileReference; lastKnownFileType = sourcecode.swift; path = FileBackedProjectRepository.swift; sourceTree = "<group>"; };
		2862F608B14B9903045E3AD0 /* BrandTypography.swift */ = {isa = PBXFileReference; lastKnownFileType = sourcecode.swift; path = BrandTypography.swift; sourceTree = "<group>"; };
		2C936682ECA9A47E904CF84A /* OpenAIAnalysisProvider.swift */ = {isa = PBXFileReference; lastKnownFileType = sourcecode.swift; path = OpenAIAnalysisProvider.swift; sourceTree = "<group>"; };
		3757A40CDE8A192B0A468E12 /* AuthViewModel.swift */ = {isa = PBXFileReference; lastKnownFileType = sourcecode.swift; path = AuthViewModel.swift; sourceTree = "<group>"; };
		395BD55CF3208DA690163983 /* REASONApp.swift */ = {isa = PBXFileReference; lastKnownFileType = sourcecode.swift; path = REASONApp.swift; sourceTree = "<group>"; };
		3D85A316CB71C86DAD8BB7FA /* AnalysisLoadingView.swift */ = {isa = PBXFileReference; lastKnownFileType = sourcecode.swift; path = AnalysisLoadingView.swift; sourceTree = "<group>"; };
		421186892B34E0C9C64C99B9 /* AnthropicCoachingProvider.swift */ = {isa = PBXFileReference; lastKnownFileType = sourcecode.swift; path = AnthropicCoachingProvider.swift; sourceTree = "<group>"; };
		45F2B07840210EA42FBBC7F6 /* AuthService.swift */ = {isa = PBXFileReference; lastKnownFileType = sourcecode.swift; path = AuthService.swift; sourceTree = "<group>"; };
		46210E8E703C3FDBC5D1F166 /* CompareView.swift */ = {isa = PBXFileReference; lastKnownFileType = sourcecode.swift; path = CompareView.swift; sourceTree = "<group>"; };
		46685D758007BA41381DCBF6 /* SettingsView.swift */ = {isa = PBXFileReference; lastKnownFileType = sourcecode.swift; path = SettingsView.swift; sourceTree = "<group>"; };
		49D36ECCE01F20B25839D347 /* SupabaseClientFactory.swift */ = {isa = PBXFileReference; lastKnownFileType = sourcecode.swift; path = SupabaseClientFactory.swift; sourceTree = "<group>"; };
		52B080B41CEA7EB3F499C2A9 /* MockAuthService.swift */ = {isa = PBXFileReference; lastKnownFileType = sourcecode.swift; path = MockAuthService.swift; sourceTree = "<group>"; };
		53D500F1C132AC7F23FDB4CC /* UploadFlowViewModel.swift */ = {isa = PBXFileReference; lastKnownFileType = sourcecode.swift; path = UploadFlowViewModel.swift; sourceTree = "<group>"; };
		57F4B08C6FB4DF4CB1B64E6A /* ProjectImageView.swift */ = {isa = PBXFileReference; lastKnownFileType = sourcecode.swift; path = ProjectImageView.swift; sourceTree = "<group>"; };
		595276CE67030143F7596B46 /* AIAnalysisService.swift */ = {isa = PBXFileReference; lastKnownFileType = sourcecode.swift; path = AIAnalysisService.swift; sourceTree = "<group>"; };
		5CFEE98CB41D6EC6F831FEE0 /* MetricBarView.swift */ = {isa = PBXFileReference; lastKnownFileType = sourcecode.swift; path = MetricBarView.swift; sourceTree = "<group>"; };
		5E87134C6D0267F37CF059EB /* ThemeStore.swift */ = {isa = PBXFileReference; lastKnownFileType = sourcecode.swift; path = ThemeStore.swift; sourceTree = "<group>"; };
		61730707559E4603777195B8 /* REASON.entitlements */ = {isa = PBXFileReference; lastKnownFileType = text.plist.entitlements; path = REASON.entitlements; sourceTree = "<group>"; };
		642C2EE83D16BE144DF626BB /* BrandBackground.swift */ = {isa = PBXFileReference; lastKnownFileType = sourcecode.swift; path = BrandBackground.swift; sourceTree = "<group>"; };
		65E9EA06A32AF181BBCC8651 /* AuthView.swift */ = {isa = PBXFileReference; lastKnownFileType = sourcecode.swift; path = AuthView.swift; sourceTree = "<group>"; };
		66F4A58FD8AE184862334F8B /* OpenAIAnthropicAnalysisService.swift */ = {isa = PBXFileReference; lastKnownFileType = sourcecode.swift; path = OpenAIAnthropicAnalysisService.swift; sourceTree = "<group>"; };
		6C3E561DAC4240D5B9FA9BF1 /* BrandColor.swift */ = {isa = PBXFileReference; lastKnownFileType = sourcecode.swift; path = BrandColor.swift; sourceTree = "<group>"; };
		6DCE0E58D283BC82ED4B3038 /* Debug.xcconfig */ = {isa = PBXFileReference; lastKnownFileType = text.xcconfig; path = Debug.xcconfig; sourceTree = "<group>"; };
		723FD3D4509A1A5FC4042A54 /* AmazonAffiliateLinkBuilderTests.swift */ = {isa = PBXFileReference; lastKnownFileType = sourcecode.swift; path = AmazonAffiliateLinkBuilderTests.swift; sourceTree = "<group>"; };
		742B28A936B6D48B4B5305AB /* AppleSignInCoordinator.swift */ = {isa = PBXFileReference; lastKnownFileType = sourcecode.swift; path = AppleSignInCoordinator.swift; sourceTree = "<group>"; };
		80776E04CAEC8CD0E53D2BB0 /* REASON.app */ = {isa = PBXFileReference; includeInIndex = 0; lastKnownFileType = wrapper.application; path = REASON.app; sourceTree = BUILT_PRODUCTS_DIR; };
		83F6BD30D54BCEA59355276B /* HomeView.swift */ = {isa = PBXFileReference; lastKnownFileType = sourcecode.swift; path = HomeView.swift; sourceTree = "<group>"; };
		84284141A0EB59223ABF4394 /* AppContainer.swift */ = {isa = PBXFileReference; lastKnownFileType = sourcecode.swift; path = AppContainer.swift; sourceTree = "<group>"; };
		86F0BB6265620BC158126442 /* SampleSeed.swift */ = {isa = PBXFileReference; lastKnownFileType = sourcecode.swift; path = SampleSeed.swift; sourceTree = "<group>"; };
		8780F2FF7098309A4E2EF513 /* OpenRouterAnalysisService.swift */ = {isa = PBXFileReference; lastKnownFileType = sourcecode.swift; path = OpenRouterAnalysisService.swift; sourceTree = "<group>"; };
		87D43F9CF072B611E8B42C14 /* JSONResponseSanitizer.swift */ = {isa = PBXFileReference; lastKnownFileType = sourcecode.swift; path = JSONResponseSanitizer.swift; sourceTree = "<group>"; };
		89357AF287FEB220A98CF198 /* CuratedAmazonRecommendationService.swift */ = {isa = PBXFileReference; lastKnownFileType = sourcecode.swift; path = CuratedAmazonRecommendationService.swift; sourceTree = "<group>"; };
		9370E8E6F0680794CAE2B86E /* OpenRouterVisualizationService.swift */ = {isa = PBXFileReference; lastKnownFileType = sourcecode.swift; path = OpenRouterVisualizationService.swift; sourceTree = "<group>"; };
		93FC4E00C5DF6995D282D33C /* VisualizationService.swift */ = {isa = PBXFileReference; lastKnownFileType = sourcecode.swift; path = VisualizationService.swift; sourceTree = "<group>"; };
		9A45F87B4E4ED1556A72B7CF /* AppModel.swift */ = {isa = PBXFileReference; lastKnownFileType = sourcecode.swift; path = AppModel.swift; sourceTree = "<group>"; };
		9BE02A17E065E8BA9FF2FFCA /* ReferenceImageView.swift */ = {isa = PBXFileReference; lastKnownFileType = sourcecode.swift; path = ReferenceImageView.swift; sourceTree = "<group>"; };
		9D964C6B67966E64CD9F31B5 /* Assets.xcassets */ = {isa = PBXFileReference; lastKnownFileType = folder.assetcatalog; path = Assets.xcassets; sourceTree = "<group>"; };
		A2A59B1222DDB28C77E82CA4 /* UploadFlowContainerView.swift */ = {isa = PBXFileReference; lastKnownFileType = sourcecode.swift; path = UploadFlowContainerView.swift; sourceTree = "<group>"; };
		A35D8708AC0E1604D110682B /* Color+Hex.swift */ = {isa = PBXFileReference; lastKnownFileType = sourcecode.swift; path = "Color+Hex.swift"; sourceTree = "<group>"; };
		ABCFDD0AB581FB713D22F91F /* ProductRecommendationService.swift */ = {isa = PBXFileReference; lastKnownFileType = sourcecode.swift; path = ProductRecommendationService.swift; sourceTree = "<group>"; };
		ADD21F5756ED6B9DBF89F5E7 /* ProjectRepository.swift */ = {isa = PBXFileReference; lastKnownFileType = sourcecode.swift; path = ProjectRepository.swift; sourceTree = "<group>"; };
		B1235DC41544C99C6554685E /* OnboardingView.swift */ = {isa = PBXFileReference; lastKnownFileType = sourcecode.swift; path = OnboardingView.swift; sourceTree = "<group>"; };
		B8238662F386C8B4EE18C733 /* ResultsView.swift */ = {isa = PBXFileReference; lastKnownFileType = sourcecode.swift; path = ResultsView.swift; sourceTree = "<group>"; };
		BC3B56D1B78B4ADFAC88623E /* AIRouterService.swift */ = {isa = PBXFileReference; lastKnownFileType = sourcecode.swift; path = AIRouterService.swift; sourceTree = "<group>"; };
		BDF40F4ECC333068AB3AAA99 /* AppShellView.swift */ = {isa = PBXFileReference; lastKnownFileType = sourcecode.swift; path = AppShellView.swift; sourceTree = "<group>"; };
		C3582F4C6F82364F84C26BC6 /* OpenRouterClient.swift */ = {isa = PBXFileReference; lastKnownFileType = sourcecode.swift; path = OpenRouterClient.swift; sourceTree = "<group>"; };
		C3E370809F7B7EC035A78DC3 /* SplashView.swift */ = {isa = PBXFileReference; lastKnownFileType = sourcecode.swift; path = SplashView.swift; sourceTree = "<group>"; };
		CD79E2243938A3EF8B317112 /* OpenRouterProductRecommendationService.swift */ = {isa = PBXFileReference; lastKnownFileType = sourcecode.swift; path = OpenRouterProductRecommendationService.swift; sourceTree = "<group>"; };
		CF92B90979D880626BD13CCA /* ProjectsView.swift */ = {isa = PBXFileReference; lastKnownFileType = sourcecode.swift; path = ProjectsView.swift; sourceTree = "<group>"; };
		D0B51D03846680EF7E5C20A3 /* ScoreChip.swift */ = {isa = PBXFileReference; lastKnownFileType = sourcecode.swift; path = ScoreChip.swift; sourceTree = "<group>"; };
		D242F410324E55E21A1E926C /* AppError.swift */ = {isa = PBXFileReference; lastKnownFileType = sourcecode.swift; path = AppError.swift; sourceTree = "<group>"; };
		D27B48D63076FAA4B376BD32 /* MockAIAnalysisService.swift */ = {isa = PBXFileReference; lastKnownFileType = sourcecode.swift; path = MockAIAnalysisService.swift; sourceTree = "<group>"; };
		D64727F80FC7839C9FC554FC /* DomainModels.swift */ = {isa = PBXFileReference; lastKnownFileType = sourcecode.swift; path = DomainModels.swift; sourceTree = "<group>"; };
		DCB38922483CB21545C06050 /* SupabaseProjectRepository.swift */ = {isa = PBXFileReference; lastKnownFileType = sourcecode.swift; path = SupabaseProjectRepository.swift; sourceTree = "<group>"; };
		DD148AEA11FEC878D7659BC8 /* AppConfig.swift */ = {isa = PBXFileReference; lastKnownFileType = sourcecode.swift; path = AppConfig.swift; sourceTree = "<group>"; };
		E711A6B06F8B68FC16B065A5 /* BrandButton.swift */ = {isa = PBXFileReference; lastKnownFileType = sourcecode.swift; path = BrandButton.swift; sourceTree = "<group>"; };
		E82E68BDF89653612681BE01 /* ActionLabel.swift */ = {isa = PBXFileReference; lastKnownFileType = sourcecode.swift; path = ActionLabel.swift; sourceTree = "<group>"; };
		EC5D28AD2301B5DD0EF7898A /* MockVisualizationService.swift */ = {isa = PBXFileReference; lastKnownFileType = sourcecode.swift; path = MockVisualizationService.swift; sourceTree = "<group>"; };
		EF9E403FD81F1FD5AF248F24 /* TagChip.swift */ = {isa = PBXFileReference; lastKnownFileType = sourcecode.swift; path = TagChip.swift; sourceTree = "<group>"; };
		F074B501A53C5F22D6468953 /* REASONTests.xctest */ = {isa = PBXFileReference; includeInIndex = 0; lastKnownFileType = wrapper.cfbundle; path = REASONTests.xctest; sourceTree = BUILT_PRODUCTS_DIR; };
		F16B8068853700E6A7BBF896 /* VisualizationView.swift */ = {isa = PBXFileReference; lastKnownFileType = sourcecode.swift; path = VisualizationView.swift; sourceTree = "<group>"; };
		F66275F88EF6A8ECB27F89F5 /* StagingHubView.swift */ = {isa = PBXFileReference; lastKnownFileType = sourcecode.swift; path = StagingHubView.swift; sourceTree = "<group>"; };
		F6AD552AB88E55E89A11BA83 /* SectionHeader.swift */ = {isa = PBXFileReference; lastKnownFileType = sourcecode.swift; path = SectionHeader.swift; sourceTree = "<group>"; };
/* End PBXFileReference section */

/* Begin PBXFrameworksBuildPhase section */
		69BCDE5333B7F67B62A12DFA /* Frameworks */ = {
			isa = PBXFrameworksBuildPhase;
			buildActionMask = 2147483647;
			files = (
				D2119610513B1D470AEB9FF3 /* Supabase in Frameworks */,
				6AE841FFC8731036FD1946F1 /* AuthenticationServices.framework in Frameworks */,
			);
			runOnlyForDeploymentPostprocessing = 0;
		};
/* End PBXFrameworksBuildPhase section */

/* Begin PBXGroup section */
		007AA4E77FC78BD4A153D779 /* Results */ = {
			isa = PBXGroup;
			children = (
				B8238662F386C8B4EE18C733 /* ResultsView.swift */,
			);
			path = Results;
			sourceTree = "<group>";
		};
		027AA355DD040FC5F55B21B5 /* Supabase */ = {
			isa = PBXGroup;
			children = (
				DD148AEA11FEC878D7659BC8 /* AppConfig.swift */,
				2695624BE8166ED59C03C11C /* SupabaseAuthService.swift */,
				49D36ECCE01F20B25839D347 /* SupabaseClientFactory.swift */,
				DCB38922483CB21545C06050 /* SupabaseProjectRepository.swift */,
			);
			path = Supabase;
			sourceTree = "<group>";
		};
		118EFD4B38C30C176D665D0B /* Persistence */ = {
			isa = PBXGroup;
			children = (
				278426CD34B8EFA591AA70DA /* FileBackedProjectRepository.swift */,
				ADD21F5756ED6B9DBF89F5E7 /* ProjectRepository.swift */,
			);
			path = Persistence;
			sourceTree = "<group>";
		};
		1DCC52B6AD869CA9B7BBA4B8 /* Models */ = {
			isa = PBXGroup;
			children = (
				034FC38D4B2B7ECB95CBCBAE /* AnalysisModels.swift */,
				D64727F80FC7839C9FC554FC /* DomainModels.swift */,
			);
			path = Models;
			sourceTree = "<group>";
		};
		28D968B83F5B5336BAA716CA /* Compare */ = {
			isa = PBXGroup;
			children = (
				46210E8E703C3FDBC5D1F166 /* CompareView.swift */,
			);
			path = Compare;
			sourceTree = "<group>";
		};
		2F4C28F03B18112AFE2FCCD3 /* Upload */ = {
			isa = PBXGroup;
			children = (
				A2A59B1222DDB28C77E82CA4 /* UploadFlowContainerView.swift */,
				53D500F1C132AC7F23FDB4CC /* UploadFlowViewModel.swift */,
			);
			path = Upload;
			sourceTree = "<group>";
		};
		3111B9FB55F3E0AFF6E3739C /* REASON */ = {
			isa = PBXGroup;
			children = (
				61730707559E4603777195B8 /* REASON.entitlements */,
				6E160971895FA3B224EEEAFF /* App */,
				96DA28F3FDD76C4FB2AE629A /* Config */,
				986E52CEFA2BB55EB42BFF4D /* Core */,
				4CF0EFE71E813126D9D1CC89 /* Features */,
				1DCC52B6AD869CA9B7BBA4B8 /* Models */,
				E77B0C6B5D3E11AE49532FF2 /* Resources */,
				BD405A485D0BB6E92086D457 /* Services */,
			);
			path = REASON;
			sourceTree = "<group>";
		};
		31C0E9BD6B0440E269E9C6FC = {
			isa = PBXGroup;
			children = (
				3111B9FB55F3E0AFF6E3739C /* REASON */,
				E496CC4FF4763FED43D7F2CB /* REASONTests */,
				342C63371C1A5C1444D8EAF9 /* Frameworks */,
				7E9F5CC1A4D24CFBF86F8627 /* Products */,
			);
			sourceTree = "<group>";
		};
		342C63371C1A5C1444D8EAF9 /* Frameworks */ = {
			isa = PBXGroup;
			children = (
				1BB2C049DF8EA497B21EF6B2 /* AuthenticationServices.framework */,
			);
			name = Frameworks;
			sourceTree = "<group>";
		};
		36351EC57559439F97C2407B /* Components */ = {
			isa = PBXGroup;
			children = (
				E82E68BDF89653612681BE01 /* ActionLabel.swift */,
				642C2EE83D16BE144DF626BB /* BrandBackground.swift */,
				E711A6B06F8B68FC16B065A5 /* BrandButton.swift */,
				08973F195B4542E5D23A054D /* BrandCard.swift */,
				5CFEE98CB41D6EC6F831FEE0 /* MetricBarView.swift */,
				57F4B08C6FB4DF4CB1B64E6A /* ProjectImageView.swift */,
				9BE02A17E065E8BA9FF2FFCA /* ReferenceImageView.swift */,
				D0B51D03846680EF7E5C20A3 /* ScoreChip.swift */,
				F6AD552AB88E55E89A11BA83 /* SectionHeader.swift */,
				EF9E403FD81F1FD5AF248F24 /* TagChip.swift */,
			);
			path = Components;
			sourceTree = "<group>";
		};
		3C30F9DE2AE8366F73FAE38B /* Home */ = {
			isa = PBXGroup;
			children = (
				83F6BD30D54BCEA59355276B /* HomeView.swift */,
				1DA200B54EA27C81F92128E5 /* MainTabView.swift */,
			);
			path = Home;
			sourceTree = "<group>";
		};
		3C948BE3EE52C6B273EE84E2 /* Auth */ = {
			isa = PBXGroup;
			children = (
				65E9EA06A32AF181BBCC8651 /* AuthView.swift */,
				3757A40CDE8A192B0A468E12 /* AuthViewModel.swift */,
			);
			path = Auth;
			sourceTree = "<group>";
		};
		491854251951D5450447AE43 /* Auth */ = {
			isa = PBXGroup;
			children = (
				742B28A936B6D48B4B5305AB /* AppleSignInCoordinator.swift */,
				45F2B07840210EA42FBBC7F6 /* AuthService.swift */,
				52B080B41CEA7EB3F499C2A9 /* MockAuthService.swift */,
			);
			path = Auth;
			sourceTree = "<group>";
		};
		4CF0EFE71E813126D9D1CC89 /* Features */ = {
			isa = PBXGroup;
			children = (
				57629F6E670967F84E0ED3CF /* Analysis */,
				3C948BE3EE52C6B273EE84E2 /* Auth */,
				28D968B83F5B5336BAA716CA /* Compare */,
				3C30F9DE2AE8366F73FAE38B /* Home */,
				78D19F2ABF660063BE1DE65B /* Onboarding */,
				E3DDF421F7CB7382F6416443 /* Projects */,
				007AA4E77FC78BD4A153D779 /* Results */,
				6EF44B6F47509C8637B0AE8F /* Settings */,
				8EB4AF16DC0635AAAE9B4834 /* Splash */,
				9E968B17103E013488B4F5A7 /* Staging */,
				2F4C28F03B18112AFE2FCCD3 /* Upload */,
				B4BA35998FEF54B32981044B /* Visualization */,
			);
			path = Features;
			sourceTree = "<group>";
		};
		57629F6E670967F84E0ED3CF /* Analysis */ = {
			isa = PBXGroup;
			children = (
				3D85A316CB71C86DAD8BB7FA /* AnalysisLoadingView.swift */,
			);
			path = Analysis;
			sourceTree = "<group>";
		};
		6D20F4FD345361B36018C3A7 /* ProductRecommendations */ = {
			isa = PBXGroup;
			children = (
				055DFCCAAC225DE770A84C10 /* AmazonAffiliateLinkBuilder.swift */,
				89357AF287FEB220A98CF198 /* CuratedAmazonRecommendationService.swift */,
				CD79E2243938A3EF8B317112 /* OpenRouterProductRecommendationService.swift */,
				ABCFDD0AB581FB713D22F91F /* ProductRecommendationService.swift */,
			);
			path = ProductRecommendations;
			sourceTree = "<group>";
		};
		6E160971895FA3B224EEEAFF /* App */ = {
			isa = PBXGroup;
			children = (
				84284141A0EB59223ABF4394 /* AppContainer.swift */,
				9A45F87B4E4ED1556A72B7CF /* AppModel.swift */,
				BDF40F4ECC333068AB3AAA99 /* AppShellView.swift */,
				395BD55CF3208DA690163983 /* REASONApp.swift */,
			);
			path = App;
			sourceTree = "<group>";
		};
		6EF44B6F47509C8637B0AE8F /* Settings */ = {
			isa = PBXGroup;
			children = (
				46685D758007BA41381DCBF6 /* SettingsView.swift */,
			);
			path = Settings;
			sourceTree = "<group>";
		};
		78D19F2ABF660063BE1DE65B /* Onboarding */ = {
			isa = PBXGroup;
			children = (
				B1235DC41544C99C6554685E /* OnboardingView.swift */,
			);
			path = Onboarding;
			sourceTree = "<group>";
		};
		7E9F5CC1A4D24CFBF86F8627 /* Products */ = {
			isa = PBXGroup;
			children = (
				80776E04CAEC8CD0E53D2BB0 /* REASON.app */,
				F074B501A53C5F22D6468953 /* REASONTests.xctest */,
			);
			name = Products;
			sourceTree = "<group>";
		};
		8EB4AF16DC0635AAAE9B4834 /* Splash */ = {
			isa = PBXGroup;
			children = (
				C3E370809F7B7EC035A78DC3 /* SplashView.swift */,
			);
			path = Splash;
			sourceTree = "<group>";
		};
		96DA28F3FDD76C4FB2AE629A /* Config */ = {
			isa = PBXGroup;
			children = (
				6DCE0E58D283BC82ED4B3038 /* Debug.xcconfig */,
				0017087CA8C045954D31F186 /* Release.xcconfig */,
			);
			path = Config;
			sourceTree = "<group>";
		};
		986E52CEFA2BB55EB42BFF4D /* Core */ = {
			isa = PBXGroup;
			children = (
				36351EC57559439F97C2407B /* Components */,
				FE80CE2C226278B5802F4EDA /* Extensions */,
				A22F80C29DE505044E019E55 /* Theme */,
				A750D5BAD7008D428A32172C /* Utils */,
			);
			path = Core;
			sourceTree = "<group>";
		};
		9E968B17103E013488B4F5A7 /* Staging */ = {
			isa = PBXGroup;
			children = (
				F66275F88EF6A8ECB27F89F5 /* StagingHubView.swift */,
			);
			path = Staging;
			sourceTree = "<group>";
		};
		A22F80C29DE505044E019E55 /* Theme */ = {
			isa = PBXGroup;
			children = (
				6C3E561DAC4240D5B9FA9BF1 /* BrandColor.swift */,
				2862F608B14B9903045E3AD0 /* BrandTypography.swift */,
				5E87134C6D0267F37CF059EB /* ThemeStore.swift */,
			);
			path = Theme;
			sourceTree = "<group>";
		};
		A750D5BAD7008D428A32172C /* Utils */ = {
			isa = PBXGroup;
			children = (
				D242F410324E55E21A1E926C /* AppError.swift */,
				87D43F9CF072B611E8B42C14 /* JSONResponseSanitizer.swift */,
				86F0BB6265620BC158126442 /* SampleSeed.swift */,
			);
			path = Utils;
			sourceTree = "<group>";
		};
		B440DFE83E71FE8069AD1851 /* ImageProcessing */ = {
			isa = PBXGroup;
			children = (
				EC5D28AD2301B5DD0EF7898A /* MockVisualizationService.swift */,
				9370E8E6F0680794CAE2B86E /* OpenRouterVisualizationService.swift */,
				93FC4E00C5DF6995D282D33C /* VisualizationService.swift */,
			);
			path = ImageProcessing;
			sourceTree = "<group>";
		};
		B4BA35998FEF54B32981044B /* Visualization */ = {
			isa = PBXGroup;
			children = (
				F16B8068853700E6A7BBF896 /* VisualizationView.swift */,
			);
			path = Visualization;
			sourceTree = "<group>";
		};
		BD405A485D0BB6E92086D457 /* Services */ = {
			isa = PBXGroup;
			children = (
				E8E6F024A5E11486B3E37DB2 /* AI */,
				491854251951D5450447AE43 /* Auth */,
				B440DFE83E71FE8069AD1851 /* ImageProcessing */,
				118EFD4B38C30C176D665D0B /* Persistence */,
				6D20F4FD345361B36018C3A7 /* ProductRecommendations */,
				027AA355DD040FC5F55B21B5 /* Supabase */,
			);
			path = Services;
			sourceTree = "<group>";
		};
		E3DDF421F7CB7382F6416443 /* Projects */ = {
			isa = PBXGroup;
			children = (
				CF92B90979D880626BD13CCA /* ProjectsView.swift */,
			);
			path = Projects;
			sourceTree = "<group>";
		};
		E496CC4FF4763FED43D7F2CB /* REASONTests */ = {
			isa = PBXGroup;
			children = (
				723FD3D4509A1A5FC4042A54 /* AmazonAffiliateLinkBuilderTests.swift */,
				0F89B909A3E16E891AA0A862 /* ScoreEngineTests.swift */,
			);
			path = REASONTests;
			sourceTree = "<group>";
		};
		E77B0C6B5D3E11AE49532FF2 /* Resources */ = {
			isa = PBXGroup;
			children = (
				9D964C6B67966E64CD9F31B5 /* Assets.xcassets */,
			);
			path = Resources;
			sourceTree = "<group>";
		};
		E8E6F024A5E11486B3E37DB2 /* AI */ = {
			isa = PBXGroup;
			children = (
				595276CE67030143F7596B46 /* AIAnalysisService.swift */,
				BC3B56D1B78B4ADFAC88623E /* AIRouterService.swift */,
				421186892B34E0C9C64C99B9 /* AnthropicCoachingProvider.swift */,
				D27B48D63076FAA4B376BD32 /* MockAIAnalysisService.swift */,
				2C936682ECA9A47E904CF84A /* OpenAIAnalysisProvider.swift */,
				66F4A58FD8AE184862334F8B /* OpenAIAnthropicAnalysisService.swift */,
				8780F2FF7098309A4E2EF513 /* OpenRouterAnalysisService.swift */,
				C3582F4C6F82364F84C26BC6 /* OpenRouterClient.swift */,
				0AFAF2FED20FDE37AF39D87F /* ScoreEngine.swift */,
			);
			path = AI;
			sourceTree = "<group>";
		};
		FE80CE2C226278B5802F4EDA /* Extensions */ = {
			isa = PBXGroup;
			children = (
				A35D8708AC0E1604D110682B /* Color+Hex.swift */,
			);
			path = Extensions;
			sourceTree = "<group>";
		};
/* End PBXGroup section */

/* Begin PBXNativeTarget section */
		28F73CA39652D6AC4C80D150 /* REASONTests */ = {
			isa = PBXNativeTarget;
			buildConfigurationList = A8886A7FF8C907F09D43F98E /* Build configuration list for PBXNativeTarget "REASONTests" */;
			buildPhases = (
				EB5374AE22C2D2D011E69237 /* Sources */,
			);
			buildRules = (
			);
			dependencies = (
				DDA1CD7B689914411413B86F /* PBXTargetDependency */,
			);
			name = REASONTests;
			packageProductDependencies = (
			);
			productName = REASONTests;
			productReference = F074B501A53C5F22D6468953 /* REASONTests.xctest */;
			productType = "com.apple.product-type.bundle.unit-test";
		};
		950AD2082F8CF7561871807A /* REASON */ = {
			isa = PBXNativeTarget;
			buildConfigurationList = 2B8A9009D2EB956D6D2EA970 /* Build configuration list for PBXNativeTarget "REASON" */;
			buildPhases = (
				636DFCC9A541E9370D863A67 /* Sources */,
				F39730E29B67992DB77A24DD /* Resources */,
				69BCDE5333B7F67B62A12DFA /* Frameworks */,
			);
			buildRules = (
			);
			dependencies = (
			);
			name = REASON;
			packageProductDependencies = (
				2FC1863D384CEF546340C792 /* Supabase */,
			);
			productName = REASON;
			productReference = 80776E04CAEC8CD0E53D2BB0 /* REASON.app */;
			productType = "com.apple.product-type.application";
		};
/* End PBXNativeTarget section */

/* Begin PBXProject section */
		E8D179B9D8B8EBE96C0896E7 /* Project object */ = {
			isa = PBXProject;
			attributes = {
				BuildIndependentTargetsInParallel = YES;
				LastUpgradeCheck = 1430;
				TargetAttributes = {
					950AD2082F8CF7561871807A = {
						DevelopmentTeam = "Dustin Schaaf";
					};
				};
			};
			buildConfigurationList = D2B0762FE4B18B578B3A9EAE /* Build configuration list for PBXProject "Reset-My-Space" */;
			compatibilityVersion = "Xcode 14.0";
			developmentRegion = en;
			hasScannedForEncodings = 0;
			knownRegions = (
				Base,
				en,
			);
			mainGroup = 31C0E9BD6B0440E269E9C6FC;
			minimizedProjectReferenceProxies = 1;
			packageReferences = (
				524E990DA5DE2CF2379A322D /* XCRemoteSwiftPackageReference "supabase-swift" */,
			);
			preferredProjectObjectVersion = 77;
			projectDirPath = "";
			projectRoot = "";
			targets = (
				950AD2082F8CF7561871807A /* REASON */,
				28F73CA39652D6AC4C80D150 /* REASONTests */,
			);
		};
/* End PBXProject section */

/* Begin PBXResourcesBuildPhase section */
		F39730E29B67992DB77A24DD /* Resources */ = {
			isa = PBXResourcesBuildPhase;
			buildActionMask = 2147483647;
			files = (
				88390053BEACC7C76D826102 /* Assets.xcassets in Resources */,
			);
			runOnlyForDeploymentPostprocessing = 0;
		};
/* End PBXResourcesBuildPhase section */

/* Begin PBXSourcesBuildPhase section */
		636DFCC9A541E9370D863A67 /* Sources */ = {
			isa = PBXSourcesBuildPhase;
			buildActionMask = 2147483647;
			files = (
				F1FCE8644482FD9F1B78384E /* AIAnalysisService.swift in Sources */,
				865C46CE8DA80E60440E6610 /* AIRouterService.swift in Sources */,
				2EEBD677C0025EA4DA8D58BA /* ActionLabel.swift in Sources */,
				3B710CAA743C2EAB05D7F8A4 /* AmazonAffiliateLinkBuilder.swift in Sources */,
				81AC06902D54C4AE47966FDB /* AnalysisLoadingView.swift in Sources */,
				7476675B87FE00C132622BDD /* AnalysisModels.swift in Sources */,
				2F6A93D5309D30BD5C442D0E /* AnthropicCoachingProvider.swift in Sources */,
				F528F380B9A09DFB7669E71F /* AppConfig.swift in Sources */,
				3D31E96ACAF68BB81A5C4003 /* AppContainer.swift in Sources */,
				F76836667B6221FE978AF3CB /* AppError.swift in Sources */,
				99F65913474AA338534D6293 /* AppModel.swift in Sources */,
				36615F7B854481E7BEBD38B5 /* AppShellView.swift in Sources */,
				7B4C893F761032F1C6F3FA52 /* AppleSignInCoordinator.swift in Sources */,
				9F0529EE9D058B51448D40A1 /* AuthService.swift in Sources */,
				E765FC8D049464F988E108F9 /* AuthView.swift in Sources */,
				7D45C5AC6A166D0B62FFFBB6 /* AuthViewModel.swift in Sources */,
				8C17EDB2BA64497A7665A06E /* BrandBackground.swift in Sources */,
				B0DC80F45EBDC105214B8832 /* BrandButton.swift in Sources */,
				8D71120135F4BB40F5056250 /* BrandCard.swift in Sources */,
				7CEC21034BEA6CD1EF955835 /* BrandColor.swift in Sources */,
				89A9776874955304EF903865 /* BrandTypography.swift in Sources */,
				460AF5EAC4A42E1C5954E061 /* Color+Hex.swift in Sources */,
				6EDDF455E6E72C1128D81605 /* CompareView.swift in Sources */,
				42538A9291FA49828C7FFF93 /* CuratedAmazonRecommendationService.swift in Sources */,
				26368AB7442323E09ACE8559 /* DomainModels.swift in Sources */,
				94C197E95E11FC7F36A19DC2 /* FileBackedProjectRepository.swift in Sources */,
				69D7268524CAA912A1D7CCF2 /* HomeView.swift in Sources */,
				13CE5F6F82A5D4393E78C7BD /* JSONResponseSanitizer.swift in Sources */,
				DCFBC2B217C99B873CDC5F4C /* MainTabView.swift in Sources */,
				F0B2F76F890B33A9E96C4871 /* MetricBarView.swift in Sources */,
				58D450E0056987BF525CA7F9 /* MockAIAnalysisService.swift in Sources */,
				9A68E45CABEE53306CF520A3 /* MockAuthService.swift in Sources */,
				A0644B780B5B82F1AC1AB8EA /* MockVisualizationService.swift in Sources */,
				605502C6C92A4B4053E89A96 /* OnboardingView.swift in Sources */,
				5A7DD7B696D2BA872F617D02 /* OpenAIAnalysisProvider.swift in Sources */,
				2682634B50720B05B2C96BB8 /* OpenAIAnthropicAnalysisService.swift in Sources */,
				D21F97C0328091D8F3829942 /* OpenRouterAnalysisService.swift in Sources */,
				CEAEFF410F8049F187F0A61E /* OpenRouterClient.swift in Sources */,
				0BB754ED7B692CBFBC99CEE5 /* OpenRouterProductRecommendationService.swift in Sources */,
				3C0243368F5DA117C85AB063 /* OpenRouterVisualizationService.swift in Sources */,
				531FA8F3C745E043125F2AFC /* ProductRecommendationService.swift in Sources */,
				DB82366D8B07E485E852638A /* ProjectImageView.swift in Sources */,
				32BBBC996F1212E1FBB59E92 /* ProjectRepository.swift in Sources */,
				C9B7F20235B13E0FD1FC6839 /* ProjectsView.swift in Sources */,
				951751ED30579279C4A16891 /* REASONApp.swift in Sources */,
				32864165CBF42B6F080ECC2C /* ReferenceImageView.swift in Sources */,
				78626D51120B0F459AD1BB05 /* ResultsView.swift in Sources */,
				378474887BE65EC1751683BF /* SampleSeed.swift in Sources */,
				4ED491FE7F877D5E987ADADB /* ScoreChip.swift in Sources */,
				2B973D4A5FF00B9BD36478F9 /* ScoreEngine.swift in Sources */,
				75E4343BC6ACCEC468A0F120 /* SectionHeader.swift in Sources */,
				20E6E139FC183B918063B9EA /* SettingsView.swift in Sources */,
				B092E872BAFAE4DB29875A08 /* SplashView.swift in Sources */,
				88318E22EF2A34551E5E2A11 /* StagingHubView.swift in Sources */,
				F4F234A941F7E7AFBDA06C82 /* SupabaseAuthService.swift in Sources */,
				4C669ACEB054A1557EFCCB8B /* SupabaseClientFactory.swift in Sources */,
				5C5560DBF95F27B8CC026ECC /* SupabaseProjectRepository.swift in Sources */,
				046C4495B4D0E086F2AE7ADA /* TagChip.swift in Sources */,
				1BCD2ED814AD90256BF52482 /* ThemeStore.swift in Sources */,
				33A0DB65D49B8E3089FAB448 /* UploadFlowContainerView.swift in Sources */,
				59AC0C5A3C78C74354AA3206 /* UploadFlowViewModel.swift in Sources */,
				FE971C7A949E8305C11A0E67 /* VisualizationService.swift in Sources */,
				6F9EE50CED3880FA76DB056C /* VisualizationView.swift in Sources */,
			);
			runOnlyForDeploymentPostprocessing = 0;
		};
		EB5374AE22C2D2D011E69237 /* Sources */ = {
			isa = PBXSourcesBuildPhase;
			buildActionMask = 2147483647;
			files = (
				5B29F6969A1F8875085B80B5 /* AmazonAffiliateLinkBuilderTests.swift in Sources */,
				5258FC26A59194A19F757DDB /* ScoreEngineTests.swift in Sources */,
			);
			runOnlyForDeploymentPostprocessing = 0;
		};
/* End PBXSourcesBuildPhase section */

/* Begin PBXTargetDependency section */
		DDA1CD7B689914411413B86F /* PBXTargetDependency */ = {
			isa = PBXTargetDependency;
			target = 950AD2082F8CF7561871807A /* REASON */;
			targetProxy = DFD01BF1B8D8BD6DF2C10BD0 /* PBXContainerItemProxy */;
		};
/* End PBXTargetDependency section */

/* Begin XCBuildConfiguration section */
		45B3F6B3A0366EB756D1B307 /* Release */ = {
			isa = XCBuildConfiguration;
			buildSettings = {
				BUNDLE_LOADER = "$(TEST_HOST)";
				GENERATE_INFOPLIST_FILE = YES;
				IPHONEOS_DEPLOYMENT_TARGET = 17.0;
				LD_RUNPATH_SEARCH_PATHS = (
					"$(inherited)",
					"@executable_path/Frameworks",
					"@loader_path/Frameworks",
				);
				PRODUCT_BUNDLE_IDENTIFIER = com.dustinschaaf.REASONTests;
				SDKROOT = iphoneos;
				SWIFT_VERSION = 6.0;
				TARGETED_DEVICE_FAMILY = "1,2";
				TEST_HOST = "$(BUILT_PRODUCTS_DIR)/REASON.app/REASON";
			};
			name = Release;
		};
		872AD77F778FD1588285CC4A /* Debug */ = {
			isa = XCBuildConfiguration;
			baseConfigurationReference = 6DCE0E58D283BC82ED4B3038 /* Debug.xcconfig */;
			buildSettings = {
				APPCATEGORY = productivity;
				ASSETCATALOG_COMPILER_APPICON_NAME = AppIcon;
				CODE_SIGN_IDENTITY = "iPhone Developer";
				CURRENT_PROJECT_VERSION = 1;
				DEVELOPMENT_ASSET_PATHS = REASON/Resources/PreviewData;
				DEVELOPMENT_TEAM = "Dustin Schaaf";
				DISPLAY_NAME = "Reset My Space";
				GENERATE_INFOPLIST_FILE = NO;
				INFOPLIST_FILE = REASON/Config/Info.plist;
				IPHONEOS_DEPLOYMENT_TARGET = 17.0;
				LD_RUNPATH_SEARCH_PATHS = (
					"$(inherited)",
					"@executable_path/Frameworks",
				);
				MARKETING_VERSION = 1.0;
				PRODUCT_BUNDLE_IDENTIFIER = com.dustinschaaf.resetmyspace;
				PRODUCT_NAME = "Reset My Space";
				SDKROOT = iphoneos;
				SUPPORTS_MACCATALYST = NO;
				SWIFT_VERSION = 6.0;
				TARGETED_DEVICE_FAMILY = 1;
			};
			name = Debug;
		};
		92A7ADDBF13FFCAF262EC859 /* Release */ = {
			isa = XCBuildConfiguration;
			buildSettings = {
				ALWAYS_SEARCH_USER_PATHS = NO;
				CLANG_ANALYZER_NONNULL = YES;
				CLANG_ANALYZER_NUMBER_OBJECT_CONVERSION = YES_AGGRESSIVE;
				CLANG_CXX_LANGUAGE_STANDARD = "gnu++14";
				CLANG_CXX_LIBRARY = "libc++";
				CLANG_ENABLE_MODULES = YES;
				CLANG_ENABLE_OBJC_ARC = YES;
				CLANG_ENABLE_OBJC_WEAK = YES;
				CLANG_WARN_BLOCK_CAPTURE_AUTORELEASING = YES;
				CLANG_WARN_BOOL_CONVERSION = YES;
				CLANG_WARN_COMMA = YES;
				CLANG_WARN_CONSTANT_CONVERSION = YES;
				CLANG_WARN_DEPRECATED_OBJC_IMPLEMENTATIONS = YES;
				CLANG_WARN_DIRECT_OBJC_ISA_USAGE = YES_ERROR;
				CLANG_WARN_DOCUMENTATION_COMMENTS = YES;
				CLANG_WARN_EMPTY_BODY = YES;
				CLANG_WARN_ENUM_CONVERSION = YES;
				CLANG_WARN_INFINITE_RECURSION = YES;
				CLANG_WARN_INT_CONVERSION = YES;
				CLANG_WARN_NON_LITERAL_NULL_CONVERSION = YES;
				CLANG_WARN_OBJC_IMPLICIT_RETAIN_SELF = YES;
				CLANG_WARN_OBJC_LITERAL_CONVERSION = YES;
				CLANG_WARN_OBJC_ROOT_CLASS = YES_ERROR;
				CLANG_WARN_QUOTED_INCLUDE_IN_FRAMEWORK_HEADER = YES;
				CLANG_WARN_RANGE_LOOP_ANALYSIS = YES;
				CLANG_WARN_STRICT_PROTOTYPES = YES;
				CLANG_WARN_SUSPICIOUS_MOVE = YES;
				CLANG_WARN_UNGUARDED_AVAILABILITY = YES_AGGRESSIVE;
				CLANG_WARN_UNREACHABLE_CODE = YES;
				CLANG_WARN__DUPLICATE_METHOD_MATCH = YES;
				COPY_PHASE_STRIP = NO;
				DEBUG_INFORMATION_FORMAT = "dwarf-with-dsym";
				ENABLE_NS_ASSERTIONS = NO;
				ENABLE_STRICT_OBJC_MSGSEND = YES;
				GCC_C_LANGUAGE_STANDARD = gnu11;
				GCC_NO_COMMON_BLOCKS = YES;
				GCC_WARN_64_TO_32_BIT_CONVERSION = YES;
				GCC_WARN_ABOUT_RETURN_TYPE = YES_ERROR;
				GCC_WARN_UNDECLARED_SELECTOR = YES;
				GCC_WARN_UNINITIALIZED_AUTOS = YES_AGGRESSIVE;
				GCC_WARN_UNUSED_FUNCTION = YES;
				GCC_WARN_UNUSED_VARIABLE = YES;
				MTL_ENABLE_DEBUG_INFO = NO;
				MTL_FAST_MATH = YES;
				PRODUCT_NAME = "$(TARGET_NAME)";
				SDKROOT = iphoneos;
				SWIFT_COMPILATION_MODE = wholemodule;
				SWIFT_OPTIMIZATION_LEVEL = "-O";
				SWIFT_VERSION = 5.0;
			};
			name = Release;
		};
		9F53B2C1C0F17D3EBE6A0950 /* Debug */ = {
			isa = XCBuildConfiguration;
			buildSettings = {
				ALWAYS_SEARCH_USER_PATHS = NO;
				CLANG_ANALYZER_NONNULL = YES;
				CLANG_ANALYZER_NUMBER_OBJECT_CONVERSION = YES_AGGRESSIVE;
				CLANG_CXX_LANGUAGE_STANDARD = "gnu++14";
				CLANG_CXX_LIBRARY = "libc++";
				CLANG_ENABLE_MODULES = YES;
				CLANG_ENABLE_OBJC_ARC = YES;
				CLANG_ENABLE_OBJC_WEAK = YES;
				CLANG_WARN_BLOCK_CAPTURE_AUTORELEASING = YES;
				CLANG_WARN_BOOL_CONVERSION = YES;
				CLANG_WARN_COMMA = YES;
				CLANG_WARN_CONSTANT_CONVERSION = YES;
				CLANG_WARN_DEPRECATED_OBJC_IMPLEMENTATIONS = YES;
				CLANG_WARN_DIRECT_OBJC_ISA_USAGE = YES_ERROR;
				CLANG_WARN_DOCUMENTATION_COMMENTS = YES;
				CLANG_WARN_EMPTY_BODY = YES;
				CLANG_WARN_ENUM_CONVERSION = YES;
				CLANG_WARN_INFINITE_RECURSION = YES;
				CLANG_WARN_INT_CONVERSION = YES;
				CLANG_WARN_NON_LITERAL_NULL_CONVERSION = YES;
				CLANG_WARN_OBJC_IMPLICIT_RETAIN_SELF = YES;
				CLANG_WARN_OBJC_LITERAL_CONVERSION = YES;
				CLANG_WARN_OBJC_ROOT_CLASS = YES_ERROR;
				CLANG_WARN_QUOTED_INCLUDE_IN_FRAMEWORK_HEADER = YES;
				CLANG_WARN_RANGE_LOOP_ANALYSIS = YES;
				CLANG_WARN_STRICT_PROTOTYPES = YES;
				CLANG_WARN_SUSPICIOUS_MOVE = YES;
				CLANG_WARN_UNGUARDED_AVAILABILITY = YES_AGGRESSIVE;
				CLANG_WARN_UNREACHABLE_CODE = YES;
				CLANG_WARN__DUPLICATE_METHOD_MATCH = YES;
				COPY_PHASE_STRIP = NO;
				DEBUG_INFORMATION_FORMAT = dwarf;
				ENABLE_STRICT_OBJC_MSGSEND = YES;
				ENABLE_TESTABILITY = YES;
				GCC_C_LANGUAGE_STANDARD = gnu11;
				GCC_DYNAMIC_NO_PIC = NO;
				GCC_NO_COMMON_BLOCKS = YES;
				GCC_OPTIMIZATION_LEVEL = 0;
				GCC_PREPROCESSOR_DEFINITIONS = (
					"$(inherited)",
					"DEBUG=1",
				);
				GCC_WARN_64_TO_32_BIT_CONVERSION = YES;
				GCC_WARN_ABOUT_RETURN_TYPE = YES_ERROR;
				GCC_WARN_UNDECLARED_SELECTOR = YES;
				GCC_WARN_UNINITIALIZED_AUTOS = YES_AGGRESSIVE;
				GCC_WARN_UNUSED_FUNCTION = YES;
				GCC_WARN_UNUSED_VARIABLE = YES;
				MTL_ENABLE_DEBUG_INFO = INCLUDE_SOURCE;
				MTL_FAST_MATH = YES;
				ONLY_ACTIVE_ARCH = YES;
				PRODUCT_NAME = "$(TARGET_NAME)";
				SDKROOT = iphoneos;
				SWIFT_ACTIVE_COMPILATION_CONDITIONS = DEBUG;
				SWIFT_OPTIMIZATION_LEVEL = "-Onone";
				SWIFT_VERSION = 5.0;
			};
			name = Debug;
		};
		D6C8D949B469B9FA7782844F /* Release */ = {
			isa = XCBuildConfiguration;
			baseConfigurationReference = 0017087CA8C045954D31F186 /* Release.xcconfig */;
			buildSettings = {
				APPCATEGORY = productivity;
				ASSETCATALOG_COMPILER_APPICON_NAME = AppIcon;
				CODE_SIGN_IDENTITY = "iPhone Developer";
				CURRENT_PROJECT_VERSION = 1;
				DEVELOPMENT_ASSET_PATHS = REASON/Resources/PreviewData;
				DEVELOPMENT_TEAM = "Dustin Schaaf";
				DISPLAY_NAME = "Reset My Space";
				GENERATE_INFOPLIST_FILE = NO;
				INFOPLIST_FILE = REASON/Config/Info.plist;
				IPHONEOS_DEPLOYMENT_TARGET = 17.0;
				LD_RUNPATH_SEARCH_PATHS = (
					"$(inherited)",
					"@executable_path/Frameworks",
				);
				MARKETING_VERSION = 1.0;
				PRODUCT_BUNDLE_IDENTIFIER = com.dustinschaaf.resetmyspace;
				PRODUCT_NAME = "Reset My Space";
				SDKROOT = iphoneos;
				SUPPORTS_MACCATALYST = NO;
				SWIFT_VERSION = 6.0;
				TARGETED_DEVICE_FAMILY = 1;
			};
			name = Release;
		};
		F799F2583CF7CAE8A67660CD /* Debug */ = {
			isa = XCBuildConfiguration;
			buildSettings = {
				BUNDLE_LOADER = "$(TEST_HOST)";
				GENERATE_INFOPLIST_FILE = YES;
				IPHONEOS_DEPLOYMENT_TARGET = 17.0;
				LD_RUNPATH_SEARCH_PATHS = (
					"$(inherited)",
					"@executable_path/Frameworks",
					"@loader_path/Frameworks",
				);
				PRODUCT_BUNDLE_IDENTIFIER = com.dustinschaaf.REASONTests;
				SDKROOT = iphoneos;
				SWIFT_VERSION = 6.0;
				TARGETED_DEVICE_FAMILY = "1,2";
				TEST_HOST = "$(BUILT_PRODUCTS_DIR)/REASON.app/REASON";
			};
			name = Debug;
		};
/* End XCBuildConfiguration section */

/* Begin XCConfigurationList section */
		2B8A9009D2EB956D6D2EA970 /* Build configuration list for PBXNativeTarget "REASON" */ = {
			isa = XCConfigurationList;
			buildConfigurations = (
				872AD77F778FD1588285CC4A /* Debug */,
				D6C8D949B469B9FA7782844F /* Release */,
			);
			defaultConfigurationIsVisible = 0;
			defaultConfigurationName = Debug;
		};
		A8886A7FF8C907F09D43F98E /* Build configuration list for PBXNativeTarget "REASONTests" */ = {
			isa = XCConfigurationList;
			buildConfigurations = (
				F799F2583CF7CAE8A67660CD /* Debug */,
				45B3F6B3A0366EB756D1B307 /* Release */,
			);
			defaultConfigurationIsVisible = 0;
			defaultConfigurationName = Debug;
		};
		D2B0762FE4B18B578B3A9EAE /* Build configuration list for PBXProject "Reset-My-Space" */ = {
			isa = XCConfigurationList;
			buildConfigurations = (
				9F53B2C1C0F17D3EBE6A0950 /* Debug */,
				92A7ADDBF13FFCAF262EC859 /* Release */,
			);
			defaultConfigurationIsVisible = 0;
			defaultConfigurationName = Debug;
		};
/* End XCConfigurationList section */

/* Begin XCRemoteSwiftPackageReference section */
		524E990DA5DE2CF2379A322D /* XCRemoteSwiftPackageReference "supabase-swift" */ = {
			isa = XCRemoteSwiftPackageReference;
			repositoryURL = "https://github.com/supabase/supabase-swift.git";
			requirement = {
				kind = upToNextMajorVersion;
				minimumVersion = 2.0.0;
			};
		};
/* End XCRemoteSwiftPackageReference section */

/* Begin XCSwiftPackageProductDependency section */
		2FC1863D384CEF546340C792 /* Supabase */ = {
			isa = XCSwiftPackageProductDependency;
			package = 524E990DA5DE2CF2379A322D /* XCRemoteSwiftPackageReference "supabase-swift" */;
			productName = Supabase;
		};
/* End XCSwiftPackageProductDependency section */
	};
	rootObject = E8D179B9D8B8EBE96C0896E7 /* Project object */;
}
